
Microsoft Visual Studio Solution File, Format Version 12.00
# Visual Studio Version 16
VisualStudioVersion = 16.0.32002.261
MinimumVisualStudioVersion = 10.0.40219.1
Project("{FAE04EC0-301F-11D3-BF4B-00C04F79EFBC}") = "CoreAndMarket", "CoreAndMarket\CoreAndMarket.csproj", "{B220681D-52E7-4210-98FD-43F421F85633}"
EndProject
Global
	GlobalSection(SolutionConfigurationPlatforms) = preSolution
		Debug|Any CPU = Debug|Any CPU
		Release|Any CPU = Release|Any CPU
	EndGlobalSection
	GlobalSection(ProjectConfigurationPlatforms) = postSolution
		{B220681D-52E7-4210-98FD-43F421F85633}.Debug|Any CPU.ActiveCfg = Debug|Any CPU
		{B220681D-52E7-4210-98FD-43F421F85633}.Debug|Any CPU.Build.0 = Debug|Any CPU
		{B220681D-52E7-4210-98FD-43F421F85633}.Release|Any CPU.ActiveCfg = Release|Any CPU
		{B220681D-52E7-4210-98FD-43F421F85633}.Release|Any CPU.Build.0 = Release|Any CPU
	EndGlobalSection
	GlobalSection(SolutionProperties) = preSolution
		HideSolutionNode = FALSE
	EndGlobalSection
	GlobalSection(ExtensibilityGlobals) = postSolution
		SolutionGuid = {D695B95C-1FBA-47EB-B383-E765941C411D}
	EndGlobalSection
EndGlobal
